
Microsoft Visual Studio Solution File, Format Version 12.00
# Visual Studio Version 16
VisualStudioVersion = 16.0.29709.97
MinimumVisualStudioVersion = 10.0.40219.1
Project("{FAE04EC0-301F-11D3-BF4B-00C04F79EFBC}") = "DoorControl", "DoorControl\DoorControl.csproj", "{F6E18CC1-6B6E-489B-BF3E-EFFABDED2603}"
EndProject
Project("{FAE04EC0-301F-11D3-BF4B-00C04F79EFBC}") = "DoorControlTests", "DoorControlTests\DoorControlTests.csproj", "{E99F3096-9FA3-4E13-ABCB-54D0C6DD99DA}"
EndProject
Global
	GlobalSection(SolutionConfigurationPlatforms) = preSolution
		Debug|Any CPU = Debug|Any CPU
		Release|Any CPU = Release|Any CPU
	EndGlobalSection
	GlobalSection(ProjectConfigurationPlatforms) = postSolution
		{F6E18CC1-6B6E-489B-BF3E-EFFABDED2603}.Debug|Any CPU.ActiveCfg = Debug|Any CPU
		{F6E18CC1-6B6E-489B-BF3E-EFFABDED2603}.Debug|Any CPU.Build.0 = Debug|Any CPU
		{F6E18CC1-6B6E-489B-BF3E-EFFABDED2603}.Release|Any CPU.ActiveCfg = Release|Any CPU
		{F6E18CC1-6B6E-489B-BF3E-EFFABDED2603}.Release|Any CPU.Build.0 = Release|Any CPU
		{E99F3096-9FA3-4E13-ABCB-54D0C6DD99DA}.Debug|Any CPU.ActiveCfg = Debug|Any CPU
		{E99F3096-9FA3-4E13-ABCB-54D0C6DD99DA}.Debug|Any CPU.Build.0 = Debug|Any CPU
		{E99F3096-9FA3-4E13-ABCB-54D0C6DD99DA}.Release|Any CPU.ActiveCfg = Release|Any CPU
		{E99F3096-9FA3-4E13-ABCB-54D0C6DD99DA}.Release|Any CPU.Build.0 = Release|Any CPU
	EndGlobalSection
	GlobalSection(SolutionProperties) = preSolution
		HideSolutionNode = FALSE
	EndGlobalSection
	GlobalSection(ExtensibilityGlobals) = postSolution
		SolutionGuid = {362AC0D9-B554-4BDE-AE02-4DFDCED020BF}
	EndGlobalSection
EndGlobal
